// !$*UTF8*$!
{
	archiveVersion = 1;
	classes = {
	};
	objectVersion = 51;
	objects = {

/* Begin PBXBuildFile section */
		04E5DE3225A7242500A41182 /* TransferHistoryCell.m in Sources */ = {isa = PBXBuildFile; fileRef = 04E5DE3125A7242500A41182 /* TransferHistoryCell.m */; };
		04E5DE3D25A7268800A41182 /* history.png in Resources */ = {isa = PBXBuildFile; fileRef = 04E5DE3925A7268700A41182 /* history.png */; };
		04E5DE3E25A7268800A41182 /* history_s.png in Resources */ = {isa = PBXBuildFile; fileRef = 04E5DE3A25A7268700A41182 /* history_s.png */; };
		04E5DE3F25A7268800A41182 /* riqi.png in Resources */ = {isa = PBXBuildFile; fileRef = 04E5DE3B25A7268800A41182 /* riqi.png */; };
		04E5DE4025A7268800A41182 /* paixu.png in Resources */ = {isa = PBXBuildFile; fileRef = 04E5DE3C25A7268800A41182 /* paixu.png */; };
		04E5DE4E25A72DC000A41182 /* TransferHistoryPage.m in Sources */ = {isa = PBXBuildFile; fileRef = 04E5DE4D25A72DC000A41182 /* TransferHistoryPage.m */; };
		04E5DE8725A7524A00A41182 /* ChangedViewController.m in Sources */ = {isa = PBXBuildFile; fileRef = 04E5DE8625A7524A00A41182 /* ChangedViewController.m */; };
		04E5DE8C25A7529F00A41182 /* ConfigCell.m in Sources */ = {isa = PBXBuildFile; fileRef = 04E5DE8B25A7529F00A41182 /* ConfigCell.m */; };
		04E5DE8F25A752CE00A41182 /* a.png in Resources */ = {isa = PBXBuildFile; fileRef = 04E5DE8E25A752CE00A41182 /* a.png */; };
		04E5DEA625A752F900A41182 /* award9.png in Resources */ = {isa = PBXBuildFile; fileRef = 04E5DE9125A752F500A41182 /* award9.png */; };
		04E5DEA725A752F900A41182 /* ConfigSelected.png in Resources */ = {isa = PBXBuildFile; fileRef = 04E5DE9225A752F500A41182 /* ConfigSelected.png */; };
		04E5DEA825A752F900A41182 /* award3.png in Resources */ = {isa = PBXBuildFile; fileRef = 04E5DE9325A752F500A41182 /* award3.png */; };
		04E5DEA925A752F900A41182 /* notice.png in Resources */ = {isa = PBXBuildFile; fileRef = 04E5DE9425A752F500A41182 /* notice.png */; };
		04E5DEAA25A752F900A41182 /* award1.png in Resources */ = {isa = PBXBuildFile; fileRef = 04E5DE9525A752F500A41182 /* award1.png */; };
		04E5DEAB25A752F900A41182 /* logout.png in Resources */ = {isa = PBXBuildFile; fileRef = 04E5DE9625A752F500A41182 /* logout.png */; };
		04E5DEAC25A752F900A41182 /* notification.png in Resources */ = {isa = PBXBuildFile; fileRef = 04E5DE9725A752F500A41182 /* notification.png */; };
		04E5DEAD25A752F900A41182 /* award6.png in Resources */ = {isa = PBXBuildFile; fileRef = 04E5DE9825A752F600A41182 /* award6.png */; };
		04E5DEAE25A752F900A41182 /* award8.png in Resources */ = {isa = PBXBuildFile; fileRef = 04E5DE9925A752F600A41182 /* award8.png */; };
		04E5DEAF25A752F900A41182 /* store.png in Resources */ = {isa = PBXBuildFile; fileRef = 04E5DE9A25A752F600A41182 /* store.png */; };
		04E5DEB025A752F900A41182 /* Config.png in Resources */ = {isa = PBXBuildFile; fileRef = 04E5DE9B25A752F600A41182 /* Config.png */; };
		04E5DEB225A752F900A41182 /* award2.png in Resources */ = {isa = PBXBuildFile; fileRef = 04E5DE9D25A752F700A41182 /* award2.png */; };
		04E5DEB325A752F900A41182 /* award7.png in Resources */ = {isa = PBXBuildFile; fileRef = 04E5DE9E25A752F700A41182 /* award7.png */; };
		04E5DEB425A752F900A41182 /* detail.png in Resources */ = {isa = PBXBuildFile; fileRef = 04E5DE9F25A752F700A41182 /* detail.png */; };
		04E5DEB525A752F900A41182 /* award4.png in Resources */ = {isa = PBXBuildFile; fileRef = 04E5DEA025A752F800A41182 /* award4.png */; };
		04E5DEB625A752F900A41182 /* award5.png in Resources */ = {isa = PBXBuildFile; fileRef = 04E5DEA125A752F800A41182 /* award5.png */; };
		04E5DEB725A752F900A41182 /* configicon.png in Resources */ = {isa = PBXBuildFile; fileRef = 04E5DEA225A752F800A41182 /* configicon.png */; };
		04E5DEB825A752F900A41182 /* myself_selected.png in Resources */ = {isa = PBXBuildFile; fileRef = 04E5DEA325A752F800A41182 /* myself_selected.png */; };
		04E5DEB925A752F900A41182 /* myself.png in Resources */ = {isa = PBXBuildFile; fileRef = 04E5DEA425A752F900A41182 /* myself.png */; };
		04E5DEBA25A752F900A41182 /* award.png in Resources */ = {isa = PBXBuildFile; fileRef = 04E5DEA525A752F900A41182 /* award.png */; };
		04E5DEBE25A7596F00A41182 /* wode.png in Resources */ = {isa = PBXBuildFile; fileRef = 04E5DEBD25A7596F00A41182 /* wode.png */; };
		04E5DEC125A759EE00A41182 /* wode-2.png in Resources */ = {isa = PBXBuildFile; fileRef = 04E5DEC025A759EE00A41182 /* wode-2.png */; };
		04E5DEC425A759F700A41182 /* wode-3.png in Resources */ = {isa = PBXBuildFile; fileRef = 04E5DEC325A759F700A41182 /* wode-3.png */; };
		04E5DEC925A75D8300A41182 /* AwardViewController.m in Sources */ = {isa = PBXBuildFile; fileRef = 04E5DEC725A75D8200A41182 /* AwardViewController.m */; };
		04E5DECE25A75E0100A41182 /* AwardCell.m in Sources */ = {isa = PBXBuildFile; fileRef = 04E5DECC25A75E0100A41182 /* AwardCell.m */; };
		04E5DED325A75E8100A41182 /* StoreViewController.m in Sources */ = {isa = PBXBuildFile; fileRef = 04E5DED225A75E8100A41182 /* StoreViewController.m */; };
		04E5DEDA25A75EB400A41182 /* UIWaveProgress.m in Sources */ = {isa = PBXBuildFile; fileRef = 04E5DED625A75EB400A41182 /* UIWaveProgress.m */; };
		04E5DEDB25A75EB400A41182 /* UIWave.m in Sources */ = {isa = PBXBuildFile; fileRef = 04E5DED825A75EB400A41182 /* UIWave.m */; };
		04E5DEE025A7604000A41182 /* UserConfigViewController.m in Sources */ = {isa = PBXBuildFile; fileRef = 04E5DEDF25A7604000A41182 /* UserConfigViewController.m */; };
		04E5DEE825A7625000A41182 /* UserDetailViewController.m in Sources */ = {isa = PBXBuildFile; fileRef = 04E5DEE625A7625000A41182 /* UserDetailViewController.m */; };
		04E5DEED25A762A900A41182 /* UserInfoCell.m in Sources */ = {isa = PBXBuildFile; fileRef = 04E5DEEC25A762A900A41182 /* UserInfoCell.m */; };
		2E2F6D5625A1FEF90010F237 /* HomeViewController.m in Sources */ = {isa = PBXBuildFile; fileRef = 2E2F6D3125A1FEF90010F237 /* HomeViewController.m */; };
		2E2F6D5725A1FEF90010F237 /* UploadController.m in Sources */ = {isa = PBXBuildFile; fileRef = 2E2F6D3425A1FEF90010F237 /* UploadController.m */; };
		2E2F6D5825A1FEF90010F237 /* DownloadController.m in Sources */ = {isa = PBXBuildFile; fileRef = 2E2F6D3625A1FEF90010F237 /* DownloadController.m */; };
		2E2F6D5925A1FEF90010F237 /* FileCellvh.m in Sources */ = {isa = PBXBuildFile; fileRef = 2E2F6D3925A1FEF90010F237 /* FileCellvh.m */; };
		2E2F6D5A25A1FEF90010F237 /* Add.png in Resources */ = {isa = PBXBuildFile; fileRef = 2E2F6D3B25A1FEF90010F237 /* Add.png */; };
		2E2F6D5C25A1FEF90010F237 /* logo.gif in Resources */ = {isa = PBXBuildFile; fileRef = 2E2F6D3D25A1FEF90010F237 /* logo.gif */; };
		2E2F6D6025A1FEF90010F237 /* home.png in Resources */ = {isa = PBXBuildFile; fileRef = 2E2F6D4125A1FEF90010F237 /* home.png */; };
		2E2F6D6525A1FEF90010F237 /* logo.png in Resources */ = {isa = PBXBuildFile; fileRef = 2E2F6D4625A1FEF90010F237 /* logo.png */; };
		2E2F6D6825A1FEF90010F237 /* home_selected.png in Resources */ = {isa = PBXBuildFile; fileRef = 2E2F6D4925A1FEF90010F237 /* home_selected.png */; };
		2E2F6D6925A1FEF90010F237 /* HomeBack.jpg in Resources */ = {isa = PBXBuildFile; fileRef = 2E2F6D4A25A1FEF90010F237 /* HomeBack.jpg */; };
		2E2F6D6A25A1FEF90010F237 /* pass.png in Resources */ = {isa = PBXBuildFile; fileRef = 2E2F6D4B25A1FEF90010F237 /* pass.png */; };
		2E2F6D8925A201F20010F237 /* Assets.xcassets in Resources */ = {isa = PBXBuildFile; fileRef = 2E2F6D8825A201F20010F237 /* Assets.xcassets */; };
		2E7D5BDC25A70A89007B573B /* pic.png in Resources */ = {isa = PBXBuildFile; fileRef = 2E7D5BDB25A70A89007B573B /* pic.png */; };
		AD560B5AAFFDE7D887350654 /* Pods_SYSU_Transfer.framework in Frameworks */ = {isa = PBXBuildFile; fileRef = CAAE41E8E82CE18650E3AC67 /* Pods_SYSU_Transfer.framework */; };
		FD52BFD12590E2C400A9DA1B /* AppDelegate.m in Sources */ = {isa = PBXBuildFile; fileRef = FD52BFD02590E2C400A9DA1B /* AppDelegate.m */; };
		FD52BFD42590E2C400A9DA1B /* ViewController.m in Sources */ = {isa = PBXBuildFile; fileRef = FD52BFD32590E2C400A9DA1B /* ViewController.m */; };
		FD52BFD72590E2C400A9DA1B /* Main.storyboard in Resources */ = {isa = PBXBuildFile; fileRef = FD52BFD52590E2C400A9DA1B /* Main.storyboard */; };
		FD52BFDC2590E2C500A9DA1B /* LaunchScreen.storyboard in Resources */ = {isa = PBXBuildFile; fileRef = FD52BFDA2590E2C500A9DA1B /* LaunchScreen.storyboard */; };
		FD52BFDF2590E2C500A9DA1B /* main.m in Sources */ = {isa = PBXBuildFile; fileRef = FD52BFDE2590E2C500A9DA1B /* main.m */; };
		FD52BFE72590E45100A9DA1B /* RootTabBarController.m in Sources */ = {isa = PBXBuildFile; fileRef = FD52BFE62590E45100A9DA1B /* RootTabBarController.m */; };
		FD52BFED25947AF300A9DA1B /* LocalFilePage.m in Sources */ = {isa = PBXBuildFile; fileRef = FD52BFEC25947AF300A9DA1B /* LocalFilePage.m */; };
		FD52BFF1259482E000A9DA1B /* CloudFilePage.m in Sources */ = {isa = PBXBuildFile; fileRef = FD52BFF0259482E000A9DA1B /* CloudFilePage.m */; };
		FD52BFF72594906800A9DA1B /* cloud_s.png in Resources */ = {isa = PBXBuildFile; fileRef = FD52BFF32594906800A9DA1B /* cloud_s.png */; };
		FD52BFF82594906800A9DA1B /* cloud.png in Resources */ = {isa = PBXBuildFile; fileRef = FD52BFF42594906800A9DA1B /* cloud.png */; };
		FD52BFF92594906800A9DA1B /* local.png in Resources */ = {isa = PBXBuildFile; fileRef = FD52BFF52594906800A9DA1B /* local.png */; };
		FD52BFFA2594906800A9DA1B /* local_s.png in Resources */ = {isa = PBXBuildFile; fileRef = FD52BFF62594906800A9DA1B /* local_s.png */; };
		FD52BFFD2594BA7B00A9DA1B /* FileCell.m in Sources */ = {isa = PBXBuildFile; fileRef = FD52BFFC2594BA7B00A9DA1B /* FileCell.m */; };
		FD52C0082594CDD700A9DA1B /* floder.png in Resources */ = {isa = PBXBuildFile; fileRef = FD52BFFF2594CDD600A9DA1B /* floder.png */; };
		FD52C0092594CDD700A9DA1B /* doc.png in Resources */ = {isa = PBXBuildFile; fileRef = FD52C0002594CDD600A9DA1B /* doc.png */; };
		FD52C00A2594CDD700A9DA1B /* md.png in Resources */ = {isa = PBXBuildFile; fileRef = FD52C0012594CDD600A9DA1B /* md.png */; };
		FD52C00B2594CDD700A9DA1B /* pdf.png in Resources */ = {isa = PBXBuildFile; fileRef = FD52C0022594CDD600A9DA1B /* pdf.png */; };
		FD52C00C2594CDD700A9DA1B /* txt.png in Resources */ = {isa = PBXBuildFile; fileRef = FD52C0032594CDD600A9DA1B /* txt.png */; };
		FD52C00D2594CDD700A9DA1B /* zip.png in Resources */ = {isa = PBXBuildFile; fileRef = FD52C0042594CDD600A9DA1B /* zip.png */; };
		FD52C00E2594CDD700A9DA1B /* operation.png in Resources */ = {isa = PBXBuildFile; fileRef = FD52C0052594CDD700A9DA1B /* operation.png */; };
		FD52C00F2594CDD700A9DA1B /* ppt.png in Resources */ = {isa = PBXBuildFile; fileRef = FD52C0062594CDD700A9DA1B /* ppt.png */; };
		FD52C0102594CDD700A9DA1B /* other.png in Resources */ = {isa = PBXBuildFile; fileRef = FD52C0072594CDD700A9DA1B /* other.png */; };
		FD52C0122594D44400A9DA1B /* xls.png in Resources */ = {isa = PBXBuildFile; fileRef = FD52C0112594D44400A9DA1B /* xls.png */; };
		FD52C0182594DA8700A9DA1B /* FileManager.m in Sources */ = {isa = PBXBuildFile; fileRef = FD52C0162594DA8600A9DA1B /* FileManager.m */; };
		FD52C01B2594DB2000A9DA1B /* ImgDisplay.m in Sources */ = {isa = PBXBuildFile; fileRef = FD52C01A2594DB2000A9DA1B /* ImgDisplay.m */; };
		FD52C021259B183C00A9DA1B /* multi.png in Resources */ = {isa = PBXBuildFile; fileRef = FD52C01C259B183C00A9DA1B /* multi.png */; };
		FD52C022259B183C00A9DA1B /* search.png in Resources */ = {isa = PBXBuildFile; fileRef = FD52C01D259B183C00A9DA1B /* search.png */; };
		FD52C023259B183C00A9DA1B /* upload.png in Resources */ = {isa = PBXBuildFile; fileRef = FD52C01E259B183C00A9DA1B /* upload.png */; };
		FD52C024259B183C00A9DA1B /* sort.png in Resources */ = {isa = PBXBuildFile; fileRef = FD52C01F259B183C00A9DA1B /* sort.png */; };
		FD52C025259B183C00A9DA1B /* operation.png in Resources */ = {isa = PBXBuildFile; fileRef = FD52C020259B183C00A9DA1B /* operation.png */; };
/* End PBXBuildFile section */

/* Begin PBXFileReference section */
		04E5DE3025A7242500A41182 /* TransferHistoryCell.h */ = {isa = PBXFileReference; fileEncoding = 4; lastKnownFileType = sourcecode.c.h; path = TransferHistoryCell.h; sourceTree = "<group>"; };
		04E5DE3125A7242500A41182 /* TransferHistoryCell.m */ = {isa = PBXFileReference; fileEncoding = 4; lastKnownFileType = sourcecode.c.objc; path = TransferHistoryCell.m; sourceTree = "<group>"; };
		04E5DE3925A7268700A41182 /* history.png */ = {isa = PBXFileReference; lastKnownFileType = image.png; path = history.png; sourceTree = "<group>"; };
		04E5DE3A25A7268700A41182 /* history_s.png */ = {isa = PBXFileReference; lastKnownFileType = image.png; path = history_s.png; sourceTree = "<group>"; };
		04E5DE3B25A7268800A41182 /* riqi.png */ = {isa = PBXFileReference; lastKnownFileType = image.png; path = riqi.png; sourceTree = "<group>"; };
		04E5DE3C25A7268800A41182 /* paixu.png */ = {isa = PBXFileReference; lastKnownFileType = image.png; path = paixu.png; sourceTree = "<group>"; };
		04E5DE4C25A72DC000A41182 /* TransferHistoryPage.h */ = {isa = PBXFileReference; fileEncoding = 4; lastKnownFileType = sourcecode.c.h; path = TransferHistoryPage.h; sourceTree = "<group>"; };
		04E5DE4D25A72DC000A41182 /* TransferHistoryPage.m */ = {isa = PBXFileReference; fileEncoding = 4; lastKnownFileType = sourcecode.c.objc; path = TransferHistoryPage.m; sourceTree = "<group>"; };
		04E5DE8525A7524A00A41182 /* ChangedViewController.h */ = {isa = PBXFileReference; fileEncoding = 4; lastKnownFileType = sourcecode.c.h; path = ChangedViewController.h; sourceTree = "<group>"; };
		04E5DE8625A7524A00A41182 /* ChangedViewController.m */ = {isa = PBXFileReference; fileEncoding = 4; lastKnownFileType = sourcecode.c.objc; path = ChangedViewController.m; sourceTree = "<group>"; };
		04E5DE8A25A7529F00A41182 /* ConfigCell.h */ = {isa = PBXFileReference; fileEncoding = 4; lastKnownFileType = sourcecode.c.h; path = ConfigCell.h; sourceTree = "<group>"; };
		04E5DE8B25A7529F00A41182 /* ConfigCell.m */ = {isa = PBXFileReference; fileEncoding = 4; lastKnownFileType = sourcecode.c.objc; path = ConfigCell.m; sourceTree = "<group>"; };
		04E5DE8E25A752CE00A41182 /* a.png */ = {isa = PBXFileReference; lastKnownFileType = image.png; path = a.png; sourceTree = "<group>"; };
		04E5DE9125A752F500A41182 /* award9.png */ = {isa = PBXFileReference; lastKnownFileType = image.png; path = award9.png; sourceTree = "<group>"; };
		04E5DE9225A752F500A41182 /* ConfigSelected.png */ = {isa = PBXFileReference; lastKnownFileType = image.png; path = ConfigSelected.png; sourceTree = "<group>"; };
		04E5DE9325A752F500A41182 /* award3.png */ = {isa = PBXFileReference; lastKnownFileType = image.png; path = award3.png; sourceTree = "<group>"; };
		04E5DE9425A752F500A41182 /* notice.png */ = {isa = PBXFileReference; lastKnownFileType = image.png; path = notice.png; sourceTree = "<group>"; };
		04E5DE9525A752F500A41182 /* award1.png */ = {isa = PBXFileReference; lastKnownFileType = image.png; path = award1.png; sourceTree = "<group>"; };
		04E5DE9625A752F500A41182 /* logout.png */ = {isa = PBXFileReference; lastKnownFileType = image.png; path = logout.png; sourceTree = "<group>"; };
		04E5DE9725A752F500A41182 /* notification.png */ = {isa = PBXFileReference; lastKnownFileType = image.png; path = notification.png; sourceTree = "<group>"; };
		04E5DE9825A752F600A41182 /* award6.png */ = {isa = PBXFileReference; lastKnownFileType = image.png; path = award6.png; sourceTree = "<group>"; };
		04E5DE9925A752F600A41182 /* award8.png */ = {isa = PBXFileReference; lastKnownFileType = image.png; path = award8.png; sourceTree = "<group>"; };
		04E5DE9A25A752F600A41182 /* store.png */ = {isa = PBXFileReference; lastKnownFileType = image.png; path = store.png; sourceTree = "<group>"; };
		04E5DE9B25A752F600A41182 /* Config.png */ = {isa = PBXFileReference; lastKnownFileType = image.png; path = Config.png; sourceTree = "<group>"; };
		04E5DE9D25A752F700A41182 /* award2.png */ = {isa = PBXFileReference; lastKnownFileType = image.png; path = award2.png; sourceTree = "<group>"; };
		04E5DE9E25A752F700A41182 /* award7.png */ = {isa = PBXFileReference; lastKnownFileType = image.png; path = award7.png; sourceTree = "<group>"; };
		04E5DE9F25A752F700A41182 /* detail.png */ = {isa = PBXFileReference; lastKnownFileType = image.png; path = detail.png; sourceTree = "<group>"; };
		04E5DEA025A752F800A41182 /* award4.png */ = {isa = PBXFileReference; lastKnownFileType = image.png; path = award4.png; sourceTree = "<group>"; };
		04E5DEA125A752F800A41182 /* award5.png */ = {isa = PBXFileReference; lastKnownFileType = image.png; path = award5.png; sourceTree = "<group>"; };
		04E5DEA225A752F800A41182 /* configicon.png */ = {isa = PBXFileReference; lastKnownFileType = image.png; path = configicon.png; sourceTree = "<group>"; };
		04E5DEA325A752F800A41182 /* myself_selected.png */ = {isa = PBXFileReference; lastKnownFileType = image.png; path = myself_selected.png; sourceTree = "<group>"; };
		04E5DEA425A752F900A41182 /* myself.png */ = {isa = PBXFileReference; lastKnownFileType = image.png; path = myself.png; sourceTree = "<group>"; };
		04E5DEA525A752F900A41182 /* award.png */ = {isa = PBXFileReference; lastKnownFileType = image.png; path = award.png; sourceTree = "<group>"; };
		04E5DEBD25A7596F00A41182 /* wode.png */ = {isa = PBXFileReference; lastKnownFileType = image.png; path = wode.png; sourceTree = "<group>"; };
		04E5DEC025A759EE00A41182 /* wode-2.png */ = {isa = PBXFileReference; lastKnownFileType = image.png; path = "wode-2.png"; sourceTree = "<group>"; };
		04E5DEC325A759F700A41182 /* wode-3.png */ = {isa = PBXFileReference; lastKnownFileType = image.png; path = "wode-3.png"; sourceTree = "<group>"; };
		04E5DEC725A75D8200A41182 /* AwardViewController.m */ = {isa = PBXFileReference; fileEncoding = 4; lastKnownFileType = sourcecode.c.objc; path = AwardViewController.m; sourceTree = "<group>"; };
		04E5DEC825A75D8200A41182 /* AwardViewController.h */ = {isa = PBXFileReference; fileEncoding = 4; lastKnownFileType = sourcecode.c.h; path = AwardViewController.h; sourceTree = "<group>"; };
		04E5DECC25A75E0100A41182 /* AwardCell.m */ = {isa = PBXFileReference; fileEncoding = 4; lastKnownFileType = sourcecode.c.objc; path = AwardCell.m; sourceTree = "<group>"; };
		04E5DECD25A75E0100A41182 /* AwardCell.h */ = {isa = PBXFileReference; fileEncoding = 4; lastKnownFileType = sourcecode.c.h; path = AwardCell.h; sourceTree = "<group>"; };
		04E5DED125A75E8100A41182 /* StoreViewController.h */ = {isa = PBXFileReference; fileEncoding = 4; lastKnownFileType = sourcecode.c.h; path = StoreViewController.h; sourceTree = "<group>"; };
		04E5DED225A75E8100A41182 /* StoreViewController.m */ = {isa = PBXFileReference; fileEncoding = 4; lastKnownFileType = sourcecode.c.objc; path = StoreViewController.m; sourceTree = "<group>"; };
		04E5DED625A75EB400A41182 /* UIWaveProgress.m */ = {isa = PBXFileReference; fileEncoding = 4; lastKnownFileType = sourcecode.c.objc; path = UIWaveProgress.m; sourceTree = "<group>"; };
		04E5DED725A75EB400A41182 /* UIWave.h */ = {isa = PBXFileReference; fileEncoding = 4; lastKnownFileType = sourcecode.c.h; path = UIWave.h; sourceTree = "<group>"; };
		04E5DED825A75EB400A41182 /* UIWave.m */ = {isa = PBXFileReference; fileEncoding = 4; lastKnownFileType = sourcecode.c.objc; path = UIWave.m; sourceTree = "<group>"; };
		04E5DED925A75EB400A41182 /* UIWaveProgress.h */ = {isa = PBXFileReference; fileEncoding = 4; lastKnownFileType = sourcecode.c.h; path = UIWaveProgress.h; sourceTree = "<group>"; };
		04E5DEDE25A7604000A41182 /* UserConfigViewController.h */ = {isa = PBXFileReference; fileEncoding = 4; lastKnownFileType = sourcecode.c.h; path = UserConfigViewController.h; sourceTree = "<group>"; };
		04E5DEDF25A7604000A41182 /* UserConfigViewController.m */ = {isa = PBXFileReference; fileEncoding = 4; lastKnownFileType = sourcecode.c.objc; path = UserConfigViewController.m; sourceTree = "<group>"; };
		04E5DEE425A7625000A41182 /* UserDetailViewController.h */ = {isa = PBXFileReference; fileEncoding = 4; lastKnownFileType = sourcecode.c.h; path = UserDetailViewController.h; sourceTree = "<group>"; };
		04E5DEE625A7625000A41182 /* UserDetailViewController.m */ = {isa = PBXFileReference; fileEncoding = 4; lastKnownFileType = sourcecode.c.objc; path = UserDetailViewController.m; sourceTree = "<group>"; };
		04E5DEEB25A762A900A41182 /* UserInfoCell.h */ = {isa = PBXFileReference; fileEncoding = 4; lastKnownFileType = sourcecode.c.h; path = UserInfoCell.h; sourceTree = "<group>"; };
		04E5DEEC25A762A900A41182 /* UserInfoCell.m */ = {isa = PBXFileReference; fileEncoding = 4; lastKnownFileType = sourcecode.c.objc; path = UserInfoCell.m; sourceTree = "<group>"; };
		2E2F6D3125A1FEF90010F237 /* HomeViewController.m */ = {isa = PBXFileReference; fileEncoding = 4; lastKnownFileType = sourcecode.c.objc; path = HomeViewController.m; sourceTree = "<group>"; };
		2E2F6D3225A1FEF90010F237 /* UploadController.h */ = {isa = PBXFileReference; fileEncoding = 4; lastKnownFileType = sourcecode.c.h; path = UploadController.h; sourceTree = "<group>"; };
		2E2F6D3325A1FEF90010F237 /* DownloadController.h */ = {isa = PBXFileReference; fileEncoding = 4; lastKnownFileType = sourcecode.c.h; path = DownloadController.h; sourceTree = "<group>"; };
		2E2F6D3425A1FEF90010F237 /* UploadController.m */ = {isa = PBXFileReference; fileEncoding = 4; lastKnownFileType = sourcecode.c.objc; path = UploadController.m; sourceTree = "<group>"; };
		2E2F6D3525A1FEF90010F237 /* HomeViewController.h */ = {isa = PBXFileReference; fileEncoding = 4; lastKnownFileType = sourcecode.c.h; path = HomeViewController.h; sourceTree = "<group>"; };
		2E2F6D3625A1FEF90010F237 /* DownloadController.m */ = {isa = PBXFileReference; fileEncoding = 4; lastKnownFileType = sourcecode.c.objc; path = DownloadController.m; sourceTree = "<group>"; };
		2E2F6D3825A1FEF90010F237 /* FileCellvh.h */ = {isa = PBXFileReference; fileEncoding = 4; lastKnownFileType = sourcecode.c.h; path = FileCellvh.h; sourceTree = "<group>"; };
		2E2F6D3925A1FEF90010F237 /* FileCellvh.m */ = {isa = PBXFileReference; fileEncoding = 4; lastKnownFileType = sourcecode.c.objc; path = FileCellvh.m; sourceTree = "<group>"; };
		2E2F6D3B25A1FEF90010F237 /* Add.png */ = {isa = PBXFileReference; lastKnownFileType = image.png; path = Add.png; sourceTree = "<group>"; };
		2E2F6D3D25A1FEF90010F237 /* logo.gif */ = {isa = PBXFileReference; lastKnownFileType = image.gif; path = logo.gif; sourceTree = "<group>"; };
		2E2F6D4125A1FEF90010F237 /* home.png */ = {isa = PBXFileReference; lastKnownFileType = image.png; path = home.png; sourceTree = "<group>"; };
		2E2F6D4625A1FEF90010F237 /* logo.png */ = {isa = PBXFileReference; lastKnownFileType = image.png; path = logo.png; sourceTree = "<group>"; };
		2E2F6D4925A1FEF90010F237 /* home_selected.png */ = {isa = PBXFileReference; lastKnownFileType = image.png; path = home_selected.png; sourceTree = "<group>"; };
		2E2F6D4A25A1FEF90010F237 /* HomeBack.jpg */ = {isa = PBXFileReference; lastKnownFileType = image.jpeg; path = HomeBack.jpg; sourceTree = "<group>"; };
		2E2F6D4B25A1FEF90010F237 /* pass.png */ = {isa = PBXFileReference; lastKnownFileType = image.png; path = pass.png; sourceTree = "<group>"; };
		2E2F6D8425A201950010F237 /* Info.plist */ = {isa = PBXFileReference; fileEncoding = 4; lastKnownFileType = text.plist.xml; path = Info.plist; sourceTree = "<group>"; };
		2E2F6D8825A201F20010F237 /* Assets.xcassets */ = {isa = PBXFileReference; lastKnownFileType = folder.assetcatalog; path = Assets.xcassets; sourceTree = "<group>"; };
		2E7D5BDB25A70A89007B573B /* pic.png */ = {isa = PBXFileReference; lastKnownFileType = image.png; path = pic.png; sourceTree = "<group>"; };
		32F587FCF4DE6105A6ECEEA0 /* Pods-SYSU-Transfer.debug.xcconfig */ = {isa = PBXFileReference; includeInIndex = 1; lastKnownFileType = text.xcconfig; name = "Pods-SYSU-Transfer.debug.xcconfig"; path = "Target Support Files/Pods-SYSU-Transfer/Pods-SYSU-Transfer.debug.xcconfig"; sourceTree = "<group>"; };
		AB3E13DAA936CC509B279C44 /* Pods-SYSU-Transfer.release.xcconfig */ = {isa = PBXFileReference; includeInIndex = 1; lastKnownFileType = text.xcconfig; name = "Pods-SYSU-Transfer.release.xcconfig"; path = "Target Support Files/Pods-SYSU-Transfer/Pods-SYSU-Transfer.release.xcconfig"; sourceTree = "<group>"; };
		CAAE41E8E82CE18650E3AC67 /* Pods_SYSU_Transfer.framework */ = {isa = PBXFileReference; explicitFileType = wrapper.framework; includeInIndex = 0; path = Pods_SYSU_Transfer.framework; sourceTree = BUILT_PRODUCTS_DIR; };
		FD52BFCC2590E2C400A9DA1B /* SYSU-Transfer.app */ = {isa = PBXFileReference; explicitFileType = wrapper.application; includeInIndex = 0; path = "SYSU-Transfer.app"; sourceTree = BUILT_PRODUCTS_DIR; };
		FD52BFCF2590E2C400A9DA1B /* AppDelegate.h */ = {isa = PBXFileReference; lastKnownFileType = sourcecode.c.h; path = AppDelegate.h; sourceTree = "<group>"; };
		FD52BFD02590E2C400A9DA1B /* AppDelegate.m */ = {isa = PBXFileReference; lastKnownFileType = sourcecode.c.objc; path = AppDelegate.m; sourceTree = "<group>"; };
		FD52BFD22590E2C400A9DA1B /* ViewController.h */ = {isa = PBXFileReference; lastKnownFileType = sourcecode.c.h; path = ViewController.h; sourceTree = "<group>"; };
		FD52BFD32590E2C400A9DA1B /* ViewController.m */ = {isa = PBXFileReference; lastKnownFileType = sourcecode.c.objc; path = ViewController.m; sourceTree = "<group>"; };
		FD52BFD62590E2C400A9DA1B /* Base */ = {isa = PBXFileReference; lastKnownFileType = file.storyboard; name = Base; path = Base.lproj/Main.storyboard; sourceTree = "<group>"; };
		FD52BFDB2590E2C500A9DA1B /* Base */ = {isa = PBXFileReference; lastKnownFileType = file.storyboard; name = Base; path = Base.lproj/LaunchScreen.storyboard; sourceTree = "<group>"; };
		FD52BFDE2590E2C500A9DA1B /* main.m */ = {isa = PBXFileReference; lastKnownFileType = sourcecode.c.objc; path = main.m; sourceTree = "<group>"; };
		FD52BFE52590E42200A9DA1B /* RootTabBarController.h */ = {isa = PBXFileReference; lastKnownFileType = sourcecode.c.h; path = RootTabBarController.h; sourceTree = "<group>"; };
		FD52BFE62590E45100A9DA1B /* RootTabBarController.m */ = {isa = PBXFileReference; lastKnownFileType = sourcecode.c.objc; path = RootTabBarController.m; sourceTree = "<group>"; };
		FD52BFEC25947AF300A9DA1B /* LocalFilePage.m */ = {isa = PBXFileReference; lastKnownFileType = sourcecode.c.objc; path = LocalFilePage.m; sourceTree = "<group>"; };
		FD52BFEE25947B1600A9DA1B /* LocalFilePage.h */ = {isa = PBXFileReference; lastKnownFileType = sourcecode.c.h; path = LocalFilePage.h; sourceTree = "<group>"; };
		FD52BFEF259482D700A9DA1B /* CloudFilePage.h */ = {isa = PBXFileReference; lastKnownFileType = sourcecode.c.h; path = CloudFilePage.h; sourceTree = "<group>"; };
		FD52BFF0259482E000A9DA1B /* CloudFilePage.m */ = {isa = PBXFileReference; lastKnownFileType = sourcecode.c.objc; path = CloudFilePage.m; sourceTree = "<group>"; };
		FD52BFF32594906800A9DA1B /* cloud_s.png */ = {isa = PBXFileReference; lastKnownFileType = image.png; path = cloud_s.png; sourceTree = "<group>"; };
		FD52BFF42594906800A9DA1B /* cloud.png */ = {isa = PBXFileReference; lastKnownFileType = image.png; path = cloud.png; sourceTree = "<group>"; };
		FD52BFF52594906800A9DA1B /* local.png */ = {isa = PBXFileReference; lastKnownFileType = image.png; path = local.png; sourceTree = "<group>"; };
		FD52BFF62594906800A9DA1B /* local_s.png */ = {isa = PBXFileReference; lastKnownFileType = image.png; path = local_s.png; sourceTree = "<group>"; };
		FD52BFFC2594BA7B00A9DA1B /* FileCell.m */ = {isa = PBXFileReference; lastKnownFileType = sourcecode.c.objc; path = FileCell.m; sourceTree = "<group>"; };
		FD52BFFE2594BA8200A9DA1B /* FileCell.h */ = {isa = PBXFileReference; lastKnownFileType = sourcecode.c.h; path = FileCell.h; sourceTree = "<group>"; };
		FD52BFFF2594CDD600A9DA1B /* floder.png */ = {isa = PBXFileReference; lastKnownFileType = image.png; path = floder.png; sourceTree = "<group>"; };
		FD52C0002594CDD600A9DA1B /* doc.png */ = {isa = PBXFileReference; lastKnownFileType = image.png; path = doc.png; sourceTree = "<group>"; };
		FD52C0012594CDD600A9DA1B /* md.png */ = {isa = PBXFileReference; lastKnownFileType = image.png; path = md.png; sourceTree = "<group>"; };
		FD52C0022594CDD600A9DA1B /* pdf.png */ = {isa = PBXFileReference; lastKnownFileType = image.png; path = pdf.png; sourceTree = "<group>"; };
		FD52C0032594CDD600A9DA1B /* txt.png */ = {isa = PBXFileReference; lastKnownFileType = image.png; path = txt.png; sourceTree = "<group>"; };
		FD52C0042594CDD600A9DA1B /* zip.png */ = {isa = PBXFileReference; lastKnownFileType = image.png; path = zip.png; sourceTree = "<group>"; };
		FD52C0052594CDD700A9DA1B /* operation.png */ = {isa = PBXFileReference; lastKnownFileType = image.png; path = operation.png; sourceTree = "<group>"; };
		FD52C0062594CDD700A9DA1B /* ppt.png */ = {isa = PBXFileReference; lastKnownFileType = image.png; path = ppt.png; sourceTree = "<group>"; };
		FD52C0072594CDD700A9DA1B /* other.png */ = {isa = PBXFileReference; lastKnownFileType = image.png; path = other.png; sourceTree = "<group>"; };
		FD52C0112594D44400A9DA1B /* xls.png */ = {isa = PBXFileReference; lastKnownFileType = image.png; path = xls.png; sourceTree = "<group>"; };
		FD52C0162594DA8600A9DA1B /* FileManager.m */ = {isa = PBXFileReference; fileEncoding = 4; lastKnownFileType = sourcecode.c.objc; path = FileManager.m; sourceTree = "<group>"; };
		FD52C0172594DA8600A9DA1B /* FileManager.h */ = {isa = PBXFileReference; fileEncoding = 4; lastKnownFileType = sourcecode.c.h; path = FileManager.h; sourceTree = "<group>"; };
		FD52C0192594DB2000A9DA1B /* ImgDisplay.h */ = {isa = PBXFileReference; fileEncoding = 4; lastKnownFileType = sourcecode.c.h; path = ImgDisplay.h; sourceTree = "<group>"; };
		FD52C01A2594DB2000A9DA1B /* ImgDisplay.m */ = {isa = PBXFileReference; fileEncoding = 4; lastKnownFileType = sourcecode.c.objc; path = ImgDisplay.m; sourceTree = "<group>"; };
		FD52C01C259B183C00A9DA1B /* multi.png */ = {isa = PBXFileReference; lastKnownFileType = image.png; path = multi.png; sourceTree = "<group>"; };
		FD52C01D259B183C00A9DA1B /* search.png */ = {isa = PBXFileReference; lastKnownFileType = image.png; path = search.png; sourceTree = "<group>"; };
		FD52C01E259B183C00A9DA1B /* upload.png */ = {isa = PBXFileReference; lastKnownFileType = image.png; path = upload.png; sourceTree = "<group>"; };
		FD52C01F259B183C00A9DA1B /* sort.png */ = {isa = PBXFileReference; lastKnownFileType = image.png; path = sort.png; sourceTree = "<group>"; };
		FD52C020259B183C00A9DA1B /* operation.png */ = {isa = PBXFileReference; lastKnownFileType = image.png; path = operation.png; sourceTree = "<group>"; };
/* End PBXFileReference section */

/* Begin PBXFrameworksBuildPhase section */
		FD52BFC92590E2C400A9DA1B /* Frameworks */ = {
			isa = PBXFrameworksBuildPhase;
			buildActionMask = 2147483647;
			files = (
				AD560B5AAFFDE7D887350654 /* Pods_SYSU_Transfer.framework in Frameworks */,
			);
			runOnlyForDeploymentPostprocessing = 0;
		};
/* End PBXFrameworksBuildPhase section */

/* Begin PBXGroup section */
		04E5DE8425A7524A00A41182 /* ChangedConfig */ = {
			isa = PBXGroup;
			children = (
				04E5DEE225A7625000A41182 /* UserDetail */,
				04E5DEDD25A7604000A41182 /* UserConfig */,
				04E5DED025A75E8100A41182 /* Store */,
				04E5DEC625A75D8200A41182 /* Award */,
				04E5DE8525A7524A00A41182 /* ChangedViewController.h */,
				04E5DE8625A7524A00A41182 /* ChangedViewController.m */,
			);
			path = ChangedConfig;
			sourceTree = "<group>";
		};
		04E5DE8925A7529F00A41182 /* ConfigCell */ = {
			isa = PBXGroup;
			children = (
				04E5DE8A25A7529F00A41182 /* ConfigCell.h */,
				04E5DE8B25A7529F00A41182 /* ConfigCell.m */,
			);
			path = ConfigCell;
			sourceTree = "<group>";
		};
		04E5DEC625A75D8200A41182 /* Award */ = {
			isa = PBXGroup;
			children = (
				04E5DEC725A75D8200A41182 /* AwardViewController.m */,
				04E5DEC825A75D8200A41182 /* AwardViewController.h */,
			);
			path = Award;
			sourceTree = "<group>";
		};
		04E5DECB25A75E0100A41182 /* AwardCell */ = {
			isa = PBXGroup;
			children = (
				04E5DECC25A75E0100A41182 /* AwardCell.m */,
				04E5DECD25A75E0100A41182 /* AwardCell.h */,
			);
			path = AwardCell;
			sourceTree = "<group>";
		};
		04E5DED025A75E8100A41182 /* Store */ = {
			isa = PBXGroup;
			children = (
				04E5DED125A75E8100A41182 /* StoreViewController.h */,
				04E5DED225A75E8100A41182 /* StoreViewController.m */,
			);
			path = Store;
			sourceTree = "<group>";
		};
		04E5DED525A75EB400A41182 /* UIWave */ = {
			isa = PBXGroup;
			children = (
				04E5DED625A75EB400A41182 /* UIWaveProgress.m */,
				04E5DED725A75EB400A41182 /* UIWave.h */,
				04E5DED825A75EB400A41182 /* UIWave.m */,
				04E5DED925A75EB400A41182 /* UIWaveProgress.h */,
			);
			path = UIWave;
			sourceTree = "<group>";
		};
		04E5DEDD25A7604000A41182 /* UserConfig */ = {
			isa = PBXGroup;
			children = (
				04E5DEDE25A7604000A41182 /* UserConfigViewController.h */,
				04E5DEDF25A7604000A41182 /* UserConfigViewController.m */,
			);
			path = UserConfig;
			sourceTree = "<group>";
		};
		04E5DEE225A7625000A41182 /* UserDetail */ = {
			isa = PBXGroup;
			children = (
				04E5DEE425A7625000A41182 /* UserDetailViewController.h */,
				04E5DEE625A7625000A41182 /* UserDetailViewController.m */,
			);
			path = UserDetail;
			sourceTree = "<group>";
		};
		04E5DEEA25A762A900A41182 /* UserInfoCell */ = {
			isa = PBXGroup;
			children = (
				04E5DEEB25A762A900A41182 /* UserInfoCell.h */,
				04E5DEEC25A762A900A41182 /* UserInfoCell.m */,
			);
			path = UserInfoCell;
			sourceTree = "<group>";
		};
		2E2F6D2725A1FEF90010F237 /* HomePage */ = {
			isa = PBXGroup;
			children = (
				2E2F6D3025A1FEF90010F237 /* Controller */,
				2E2F6D3725A1FEF90010F237 /* Cell */,
				2E2F6D3A25A1FEF90010F237 /* pic */,
			);
			path = HomePage;
			sourceTree = "<group>";
		};
		2E2F6D3025A1FEF90010F237 /* Controller */ = {
			isa = PBXGroup;
			children = (
				2E2F6D3525A1FEF90010F237 /* HomeViewController.h */,
				2E2F6D3125A1FEF90010F237 /* HomeViewController.m */,
				2E2F6D3225A1FEF90010F237 /* UploadController.h */,
				2E2F6D3425A1FEF90010F237 /* UploadController.m */,
				2E2F6D3325A1FEF90010F237 /* DownloadController.h */,
				2E2F6D3625A1FEF90010F237 /* DownloadController.m */,
			);
			path = Controller;
			sourceTree = "<group>";
		};
		2E2F6D3725A1FEF90010F237 /* Cell */ = {
			isa = PBXGroup;
			children = (
				2E2F6D3825A1FEF90010F237 /* FileCellvh.h */,
				2E2F6D3925A1FEF90010F237 /* FileCellvh.m */,
			);
			path = Cell;
			sourceTree = "<group>";
		};
		2E2F6D3A25A1FEF90010F237 /* pic */ = {
			isa = PBXGroup;
			children = (
			);
			path = pic;
			sourceTree = "<group>";
		};
		FD52BFC32590E2C400A9DA1B = {
			isa = PBXGroup;
			children = (
				FD52BFCE2590E2C400A9DA1B /* SYSU-Transfer */,
				FD52BFCD2590E2C400A9DA1B /* Products */,
				FD939CF3CEFE11E7A88B9F34 /* Pods */,
				FEBB3687BD465EEA53276BCF /* Frameworks */,
			);
			sourceTree = "<group>";
			usesTabs = 0;
		};
		FD52BFCD2590E2C400A9DA1B /* Products */ = {
			isa = PBXGroup;
			children = (
				FD52BFCC2590E2C400A9DA1B /* SYSU-Transfer.app */,
			);
			name = Products;
			sourceTree = "<group>";
		};
		FD52BFCE2590E2C400A9DA1B /* SYSU-Transfer */ = {
			isa = PBXGroup;
			children = (
				2E2F6D2725A1FEF90010F237 /* HomePage */,
				FD52BFFB259491B200A9DA1B /* Images */,
				FD52BFEB25947AA600A9DA1B /* Model */,
				FD52BFEA25947A9B00A9DA1B /* Controller */,
				FD52BFE925947A9400A9DA1B /* View */,
				FD52BFCF2590E2C400A9DA1B /* AppDelegate.h */,
				FD52BFD02590E2C400A9DA1B /* AppDelegate.m */,
				2E2F6D8425A201950010F237 /* Info.plist */,
				FD52BFD22590E2C400A9DA1B /* ViewController.h */,
				FD52BFD32590E2C400A9DA1B /* ViewController.m */,
				FD52BFD52590E2C400A9DA1B /* Main.storyboard */,
				2E2F6D8825A201F20010F237 /* Assets.xcassets */,
				FD52BFDA2590E2C500A9DA1B /* LaunchScreen.storyboard */,
				FD52BFDE2590E2C500A9DA1B /* main.m */,
				FD52BFE52590E42200A9DA1B /* RootTabBarController.h */,
				FD52BFE62590E45100A9DA1B /* RootTabBarController.m */,
			);
			path = "SYSU-Transfer";
			sourceTree = "<group>";
		};
		FD52BFE925947A9400A9DA1B /* View */ = {
			isa = PBXGroup;
			children = (
				04E5DEEA25A762A900A41182 /* UserInfoCell */,
				04E5DED525A75EB400A41182 /* UIWave */,
				04E5DECB25A75E0100A41182 /* AwardCell */,
				04E5DE8925A7529F00A41182 /* ConfigCell */,
				FD52BFFC2594BA7B00A9DA1B /* FileCell.m */,
				FD52BFFE2594BA8200A9DA1B /* FileCell.h */,
				04E5DE3025A7242500A41182 /* TransferHistoryCell.h */,
				04E5DE3125A7242500A41182 /* TransferHistoryCell.m */,
			);
			path = View;
			sourceTree = "<group>";
		};
		FD52BFEA25947A9B00A9DA1B /* Controller */ = {
			isa = PBXGroup;
			children = (
				04E5DE8425A7524A00A41182 /* ChangedConfig */,
				FD52C0192594DB2000A9DA1B /* ImgDisplay.h */,
				FD52C01A2594DB2000A9DA1B /* ImgDisplay.m */,
				FD52C0172594DA8600A9DA1B /* FileManager.h */,
				FD52C0162594DA8600A9DA1B /* FileManager.m */,
				FD52BFEC25947AF300A9DA1B /* LocalFilePage.m */,
				FD52BFEE25947B1600A9DA1B /* LocalFilePage.h */,
				FD52BFEF259482D700A9DA1B /* CloudFilePage.h */,
				FD52BFF0259482E000A9DA1B /* CloudFilePage.m */,
				04E5DE4C25A72DC000A41182 /* TransferHistoryPage.h */,
				04E5DE4D25A72DC000A41182 /* TransferHistoryPage.m */,
			);
			path = Controller;
			sourceTree = "<group>";
		};
		FD52BFEB25947AA600A9DA1B /* Model */ = {
			isa = PBXGroup;
			children = (
			);
			path = Model;
			sourceTree = "<group>";
		};
		FD52BFFB259491B200A9DA1B /* Images */ = {
			isa = PBXGroup;
			children = (
				04E5DE8E25A752CE00A41182 /* a.png */,
				04E5DEA525A752F900A41182 /* award.png */,
				04E5DE9525A752F500A41182 /* award1.png */,
				04E5DE9D25A752F700A41182 /* award2.png */,
				04E5DE9325A752F500A41182 /* award3.png */,
				04E5DEA025A752F800A41182 /* award4.png */,
				04E5DEA125A752F800A41182 /* award5.png */,
				04E5DE9825A752F600A41182 /* award6.png */,
				04E5DE9E25A752F700A41182 /* award7.png */,
				04E5DE9925A752F600A41182 /* award8.png */,
				04E5DE9125A752F500A41182 /* award9.png */,
				04E5DE9B25A752F600A41182 /* Config.png */,
				04E5DEA225A752F800A41182 /* configicon.png */,
				04E5DE9225A752F500A41182 /* ConfigSelected.png */,
				04E5DE9F25A752F700A41182 /* detail.png */,
				04E5DE9625A752F500A41182 /* logout.png */,
				04E5DEA325A752F800A41182 /* myself_selected.png */,
				04E5DEA425A752F900A41182 /* myself.png */,
				04E5DE9425A752F500A41182 /* notice.png */,
				04E5DE9725A752F500A41182 /* notification.png */,
				04E5DE9A25A752F600A41182 /* store.png */,
				2E2F6D3B25A1FEF90010F237 /* Add.png */,
				2E2F6D3D25A1FEF90010F237 /* logo.gif */,
				2E2F6D4125A1FEF90010F237 /* home.png */,
				2E2F6D4625A1FEF90010F237 /* logo.png */,
				2E2F6D4925A1FEF90010F237 /* home_selected.png */,
				2E2F6D4A25A1FEF90010F237 /* HomeBack.jpg */,
				2E2F6D4B25A1FEF90010F237 /* pass.png */,
				FD52C01C259B183C00A9DA1B /* multi.png */,
				2E7D5BDB25A70A89007B573B /* pic.png */,
				FD52C020259B183C00A9DA1B /* operation.png */,
				FD52C01D259B183C00A9DA1B /* search.png */,
				FD52C01F259B183C00A9DA1B /* sort.png */,
				FD52C01E259B183C00A9DA1B /* upload.png */,
				FD52C0112594D44400A9DA1B /* xls.png */,
				FD52C0002594CDD600A9DA1B /* doc.png */,
				FD52BFFF2594CDD600A9DA1B /* floder.png */,
				FD52C0012594CDD600A9DA1B /* md.png */,
				FD52C0072594CDD700A9DA1B /* other.png */,
				FD52C0022594CDD600A9DA1B /* pdf.png */,
				FD52C0062594CDD700A9DA1B /* ppt.png */,
				FD52C0052594CDD700A9DA1B /* operation.png */,
				FD52C0032594CDD600A9DA1B /* txt.png */,
				FD52C0042594CDD600A9DA1B /* zip.png */,
				04E5DE3A25A7268700A41182 /* history_s.png */,
				04E5DE3925A7268700A41182 /* history.png */,
				04E5DE3C25A7268800A41182 /* paixu.png */,
				04E5DE3B25A7268800A41182 /* riqi.png */,
				04E5DEC325A759F700A41182 /* wode-3.png */,
				04E5DEC025A759EE00A41182 /* wode-2.png */,
				04E5DEBD25A7596F00A41182 /* wode.png */,
				FD52BFF32594906800A9DA1B /* cloud_s.png */,
				FD52BFF42594906800A9DA1B /* cloud.png */,
				FD52BFF62594906800A9DA1B /* local_s.png */,
				FD52BFF52594906800A9DA1B /* local.png */,
			);
			path = Images;
			sourceTree = "<group>";
		};
		FD939CF3CEFE11E7A88B9F34 /* Pods */ = {
			isa = PBXGroup;
			children = (
				32F587FCF4DE6105A6ECEEA0 /* Pods-SYSU-Transfer.debug.xcconfig */,
				AB3E13DAA936CC509B279C44 /* Pods-SYSU-Transfer.release.xcconfig */,
			);
			path = Pods;
			sourceTree = "<group>";
		};
		FEBB3687BD465EEA53276BCF /* Frameworks */ = {
			isa = PBXGroup;
			children = (
				CAAE41E8E82CE18650E3AC67 /* Pods_SYSU_Transfer.framework */,
			);
			name = Frameworks;
			sourceTree = "<group>";
		};
/* End PBXGroup section */

/* Begin PBXNativeTarget section */
		FD52BFCB2590E2C400A9DA1B /* SYSU-Transfer */ = {
			isa = PBXNativeTarget;
			buildConfigurationList = FD52BFE22590E2C500A9DA1B /* Build configuration list for PBXNativeTarget "SYSU-Transfer" */;
			buildPhases = (
				62B5635B75F631114476A886 /* [CP] Check Pods Manifest.lock */,
				FD52BFC82590E2C400A9DA1B /* Sources */,
				FD52BFC92590E2C400A9DA1B /* Frameworks */,
				FD52BFCA2590E2C400A9DA1B /* Resources */,
				1C1E492B08E7C50DE8C5E3E2 /* [CP] Embed Pods Frameworks */,
			);
			buildRules = (
			);
			dependencies = (
			);
			name = "SYSU-Transfer";
			productName = "SYSU-Transfer";
			productReference = FD52BFCC2590E2C400A9DA1B /* SYSU-Transfer.app */;
			productType = "com.apple.product-type.application";
		};
/* End PBXNativeTarget section */

/* Begin PBXProject section */
		FD52BFC42590E2C400A9DA1B /* Project object */ = {
			isa = PBXProject;
			attributes = {
				LastUpgradeCheck = 1010;
				ORGANIZATIONNAME = itlab;
				TargetAttributes = {
					FD52BFCB2590E2C400A9DA1B = {
						CreatedOnToolsVersion = 10.1;
					};
				};
			};
			buildConfigurationList = FD52BFC72590E2C400A9DA1B /* Build configuration list for PBXProject "SYSU-Transfer" */;
			compatibilityVersion = "Xcode 9.3";
			developmentRegion = en;
			hasScannedForEncodings = 0;
			knownRegions = (
				en,
				Base,
			);
			mainGroup = FD52BFC32590E2C400A9DA1B;
			productRefGroup = FD52BFCD2590E2C400A9DA1B /* Products */;
			projectDirPath = "";
			projectRoot = "";
			targets = (
				FD52BFCB2590E2C400A9DA1B /* SYSU-Transfer */,
			);
		};
/* End PBXProject section */

/* Begin PBXResourcesBuildPhase section */
		FD52BFCA2590E2C400A9DA1B /* Resources */ = {
			isa = PBXResourcesBuildPhase;
			buildActionMask = 2147483647;
			files = (
				04E5DEA925A752F900A41182 /* notice.png in Resources */,
				04E5DEB025A752F900A41182 /* Config.png in Resources */,
				04E5DEAB25A752F900A41182 /* logout.png in Resources */,
				04E5DEB925A752F900A41182 /* myself.png in Resources */,
				FD52C00A2594CDD700A9DA1B /* md.png in Resources */,
				FD52BFF82594906800A9DA1B /* cloud.png in Resources */,
				2E2F6D6025A1FEF90010F237 /* home.png in Resources */,
				04E5DE8F25A752CE00A41182 /* a.png in Resources */,
				04E5DEAA25A752F900A41182 /* award1.png in Resources */,
				FD52C00D2594CDD700A9DA1B /* zip.png in Resources */,
				04E5DEB525A752F900A41182 /* award4.png in Resources */,
				04E5DE3E25A7268800A41182 /* history_s.png in Resources */,
				2E2F6D5A25A1FEF90010F237 /* Add.png in Resources */,
				04E5DEB425A752F900A41182 /* detail.png in Resources */,
				FD52C0082594CDD700A9DA1B /* floder.png in Resources */,
				04E5DE4025A7268800A41182 /* paixu.png in Resources */,
				04E5DE3D25A7268800A41182 /* history.png in Resources */,
				FD52BFF92594906800A9DA1B /* local.png in Resources */,
				04E5DEAC25A752F900A41182 /* notification.png in Resources */,
				2E2F6D6825A1FEF90010F237 /* home_selected.png in Resources */,
				FD52C0122594D44400A9DA1B /* xls.png in Resources */,
				2E2F6D6525A1FEF90010F237 /* logo.png in Resources */,
				FD52C0092594CDD700A9DA1B /* doc.png in Resources */,
				FD52C022259B183C00A9DA1B /* search.png in Resources */,
				04E5DEC425A759F700A41182 /* wode-3.png in Resources */,
				04E5DEAE25A752F900A41182 /* award8.png in Resources */,
				04E5DEB625A752F900A41182 /* award5.png in Resources */,
				04E5DEAD25A752F900A41182 /* award6.png in Resources */,
				FD52C00B2594CDD700A9DA1B /* pdf.png in Resources */,
				FD52C00E2594CDD700A9DA1B /* operation.png in Resources */,
				FD52C00C2594CDD700A9DA1B /* txt.png in Resources */,
				FD52BFDC2590E2C500A9DA1B /* LaunchScreen.storyboard in Resources */,
				04E5DEB325A752F900A41182 /* award7.png in Resources */,
				FD52C021259B183C00A9DA1B /* multi.png in Resources */,
				04E5DEA825A752F900A41182 /* award3.png in Resources */,
				04E5DEBA25A752F900A41182 /* award.png in Resources */,
				04E5DEC125A759EE00A41182 /* wode-2.png in Resources */,
				04E5DEB825A752F900A41182 /* myself_selected.png in Resources */,
				04E5DEB225A752F900A41182 /* award2.png in Resources */,
				2E2F6D6925A1FEF90010F237 /* HomeBack.jpg in Resources */,
				FD52C025259B183C00A9DA1B /* operation.png in Resources */,
				FD52BFFA2594906800A9DA1B /* local_s.png in Resources */,
				2E2F6D6A25A1FEF90010F237 /* pass.png in Resources */,
				04E5DE3F25A7268800A41182 /* riqi.png in Resources */,
				04E5DEBE25A7596F00A41182 /* wode.png in Resources */,
				FD52C00F2594CDD700A9DA1B /* ppt.png in Resources */,
				FD52BFD72590E2C400A9DA1B /* Main.storyboard in Resources */,
				2E2F6D8925A201F20010F237 /* Assets.xcassets in Resources */,
				04E5DEA725A752F900A41182 /* ConfigSelected.png in Resources */,
				04E5DEAF25A752F900A41182 /* store.png in Resources */,
				04E5DEA625A752F900A41182 /* award9.png in Resources */,
				2E7D5BDC25A70A89007B573B /* pic.png in Resources */,
				2E2F6D5C25A1FEF90010F237 /* logo.gif in Resources */,
				04E5DEB725A752F900A41182 /* configicon.png in Resources */,
				FD52C0102594CDD700A9DA1B /* other.png in Resources */,
				FD52C023259B183C00A9DA1B /* upload.png in Resources */,
				FD52BFF72594906800A9DA1B /* cloud_s.png in Resources */,
				FD52C024259B183C00A9DA1B /* sort.png in Resources */,
			);
			runOnlyForDeploymentPostprocessing = 0;
		};
/* End PBXResourcesBuildPhase section */

/* Begin PBXShellScriptBuildPhase section */
		1C1E492B08E7C50DE8C5E3E2 /* [CP] Embed Pods Frameworks */ = {
			isa = PBXShellScriptBuildPhase;
			buildActionMask = 2147483647;
			files = (
			);
			inputFileListPaths = (
				"${PODS_ROOT}/Target Support Files/Pods-SYSU-Transfer/Pods-SYSU-Transfer-frameworks-${CONFIGURATION}-input-files.xcfilelist",
			);
			name = "[CP] Embed Pods Frameworks";
			outputFileListPaths = (
				"${PODS_ROOT}/Target Support Files/Pods-SYSU-Transfer/Pods-SYSU-Transfer-frameworks-${CONFIGURATION}-output-files.xcfilelist",
			);
			runOnlyForDeploymentPostprocessing = 0;
			shellPath = /bin/sh;
			shellScript = "\"${PODS_ROOT}/Target Support Files/Pods-SYSU-Transfer/Pods-SYSU-Transfer-frameworks.sh\"\n";
			showEnvVarsInLog = 0;
		};
		62B5635B75F631114476A886 /* [CP] Check Pods Manifest.lock */ = {
			isa = PBXShellScriptBuildPhase;
			buildActionMask = 2147483647;
			files = (
			);
			inputFileListPaths = (
			);
			inputPaths = (
				"${PODS_PODFILE_DIR_PATH}/Podfile.lock",
				"${PODS_ROOT}/Manifest.lock",
			);
			name = "[CP] Check Pods Manifest.lock";
			outputFileListPaths = (
			);
			outputPaths = (
				"$(DERIVED_FILE_DIR)/Pods-SYSU-Transfer-checkManifestLockResult.txt",
			);
			runOnlyForDeploymentPostprocessing = 0;
			shellPath = /bin/sh;
			shellScript = "diff \"${PODS_PODFILE_DIR_PATH}/Podfile.lock\" \"${PODS_ROOT}/Manifest.lock\" > /dev/null\nif [ $? != 0 ] ; then\n    # print error to STDERR\n    echo \"error: The sandbox is not in sync with the Podfile.lock. Run 'pod install' or update your CocoaPods installation.\" >&2\n    exit 1\nfi\n# This output is used by Xcode 'outputs' to avoid re-running this script phase.\necho \"SUCCESS\" > \"${SCRIPT_OUTPUT_FILE_0}\"\n";
			showEnvVarsInLog = 0;
		};
/* End PBXShellScriptBuildPhase section */

/* Begin PBXSourcesBuildPhase section */
		FD52BFC82590E2C400A9DA1B /* Sources */ = {
			isa = PBXSourcesBuildPhase;
			buildActionMask = 2147483647;
			files = (
				FD52BFF1259482E000A9DA1B /* CloudFilePage.m in Sources */,
				04E5DEDA25A75EB400A41182 /* UIWaveProgress.m in Sources */,
				2E2F6D5725A1FEF90010F237 /* UploadController.m in Sources */,
				FD52BFFD2594BA7B00A9DA1B /* FileCell.m in Sources */,
				04E5DEED25A762A900A41182 /* UserInfoCell.m in Sources */,
				04E5DE3225A7242500A41182 /* TransferHistoryCell.m in Sources */,
				04E5DED325A75E8100A41182 /* StoreViewController.m in Sources */,
				04E5DE8C25A7529F00A41182 /* ConfigCell.m in Sources */,
				04E5DECE25A75E0100A41182 /* AwardCell.m in Sources */,
				04E5DEE025A7604000A41182 /* UserConfigViewController.m in Sources */,
				2E2F6D5925A1FEF90010F237 /* FileCellvh.m in Sources */,
				FD52BFD42590E2C400A9DA1B /* ViewController.m in Sources */,
				FD52C0182594DA8700A9DA1B /* FileManager.m in Sources */,
				FD52BFE72590E45100A9DA1B /* RootTabBarController.m in Sources */,
				04E5DEDB25A75EB400A41182 /* UIWave.m in Sources */,
				FD52C01B2594DB2000A9DA1B /* ImgDisplay.m in Sources */,
				FD52BFDF2590E2C500A9DA1B /* main.m in Sources */,
				FD52BFD12590E2C400A9DA1B /* AppDelegate.m in Sources */,
				04E5DEE825A7625000A41182 /* UserDetailViewController.m in Sources */,
				04E5DE8725A7524A00A41182 /* ChangedViewController.m in Sources */,
				FD52BFED25947AF300A9DA1B /* LocalFilePage.m in Sources */,
				04E5DE4E25A72DC000A41182 /* TransferHistoryPage.m in Sources */,
				2E2F6D5625A1FEF90010F237 /* HomeViewController.m in Sources */,
				04E5DEC925A75D8300A41182 /* AwardViewController.m in Sources */,
				2E2F6D5825A1FEF90010F237 /* DownloadController.m in Sources */,
			);
			runOnlyForDeploymentPostprocessing = 0;
		};
/* End PBXSourcesBuildPhase section */

/* Begin PBXVariantGroup section */
		FD52BFD52590E2C400A9DA1B /* Main.storyboard */ = {
			isa = PBXVariantGroup;
			children = (
				FD52BFD62590E2C400A9DA1B /* Base */,
			);
			name = Main.storyboard;
			sourceTree = "<group>";
		};
		FD52BFDA2590E2C500A9DA1B /* LaunchScreen.storyboard */ = {
			isa = PBXVariantGroup;
			children = (
				FD52BFDB2590E2C500A9DA1B /* Base */,
			);
			name = LaunchScreen.storyboard;
			sourceTree = "<group>";
		};
/* End PBXVariantGroup section */

/* Begin XCBuildConfiguration section */
		FD52BFE02590E2C500A9DA1B /* Debug */ = {
			isa = XCBuildConfiguration;
			buildSettings = {
				ALWAYS_SEARCH_USER_PATHS = NO;
				CLANG_ANALYZER_NONNULL = YES;
				CLANG_ANALYZER_NUMBER_OBJECT_CONVERSION = YES_AGGRESSIVE;
				CLANG_CXX_LANGUAGE_STANDARD = "gnu++14";
				CLANG_CXX_LIBRARY = "libc++";
				CLANG_ENABLE_MODULES = YES;
				CLANG_ENABLE_OBJC_ARC = YES;
				CLANG_ENABLE_OBJC_WEAK = YES;
				CLANG_WARN_BLOCK_CAPTURE_AUTORELEASING = YES;
				CLANG_WARN_BOOL_CONVERSION = YES;
				CLANG_WARN_COMMA = YES;
				CLANG_WARN_CONSTANT_CONVERSION = YES;
				CLANG_WARN_DEPRECATED_OBJC_IMPLEMENTATIONS = YES;
				CLANG_WARN_DIRECT_OBJC_ISA_USAGE = YES_ERROR;
				CLANG_WARN_DOCUMENTATION_COMMENTS = YES;
				CLANG_WARN_EMPTY_BODY = YES;
				CLANG_WARN_ENUM_CONVERSION = YES;
				CLANG_WARN_INFINITE_RECURSION = YES;
				CLANG_WARN_INT_CONVERSION = YES;
				CLANG_WARN_NON_LITERAL_NULL_CONVERSION = YES;
				CLANG_WARN_OBJC_IMPLICIT_RETAIN_SELF = YES;
				CLANG_WARN_OBJC_LITERAL_CONVERSION = YES;
				CLANG_WARN_OBJC_ROOT_CLASS = YES_ERROR;
				CLANG_WARN_RANGE_LOOP_ANALYSIS = YES;
				CLANG_WARN_STRICT_PROTOTYPES = YES;
				CLANG_WARN_SUSPICIOUS_MOVE = YES;
				CLANG_WARN_UNGUARDED_AVAILABILITY = YES_AGGRESSIVE;
				CLANG_WARN_UNREACHABLE_CODE = YES;
				CLANG_WARN__DUPLICATE_METHOD_MATCH = YES;
				CODE_SIGN_IDENTITY = "iPhone Developer";
				COPY_PHASE_STRIP = NO;
				DEBUG_INFORMATION_FORMAT = dwarf;
				ENABLE_STRICT_OBJC_MSGSEND = YES;
				ENABLE_TESTABILITY = YES;
				GCC_C_LANGUAGE_STANDARD = gnu11;
				GCC_DYNAMIC_NO_PIC = NO;
				GCC_NO_COMMON_BLOCKS = YES;
				GCC_OPTIMIZATION_LEVEL = 0;
				GCC_PREPROCESSOR_DEFINITIONS = (
					"DEBUG=1",
					"$(inherited)",
				);
				GCC_WARN_64_TO_32_BIT_CONVERSION = YES;
				GCC_WARN_ABOUT_RETURN_TYPE = YES_ERROR;
				GCC_WARN_UNDECLARED_SELECTOR = YES;
				GCC_WARN_UNINITIALIZED_AUTOS = YES_AGGRESSIVE;
				GCC_WARN_UNUSED_FUNCTION = YES;
				GCC_WARN_UNUSED_VARIABLE = YES;
				IPHONEOS_DEPLOYMENT_TARGET = 12.1;
				MTL_ENABLE_DEBUG_INFO = INCLUDE_SOURCE;
				MTL_FAST_MATH = YES;
				ONLY_ACTIVE_ARCH = YES;
				SDKROOT = iphoneos;
			};
			name = Debug;
		};
		FD52BFE12590E2C500A9DA1B /* Release */ = {
			isa = XCBuildConfiguration;
			buildSettings = {
				ALWAYS_SEARCH_USER_PATHS = NO;
				CLANG_ANALYZER_NONNULL = YES;
				CLANG_ANALYZER_NUMBER_OBJECT_CONVERSION = YES_AGGRESSIVE;
				CLANG_CXX_LANGUAGE_STANDARD = "gnu++14";
				CLANG_CXX_LIBRARY = "libc++";
				CLANG_ENABLE_MODULES = YES;
				CLANG_ENABLE_OBJC_ARC = YES;
				CLANG_ENABLE_OBJC_WEAK = YES;
				CLANG_WARN_BLOCK_CAPTURE_AUTORELEASING = YES;
				CLANG_WARN_BOOL_CONVERSION = YES;
				CLANG_WARN_COMMA = YES;
				CLANG_WARN_CONSTANT_CONVERSION = YES;
				CLANG_WARN_DEPRECATED_OBJC_IMPLEMENTATIONS = YES;
				CLANG_WARN_DIRECT_OBJC_ISA_USAGE = YES_ERROR;
				CLANG_WARN_DOCUMENTATION_COMMENTS = YES;
				CLANG_WARN_EMPTY_BODY = YES;
				CLANG_WARN_ENUM_CONVERSION = YES;
				CLANG_WARN_INFINITE_RECURSION = YES;
				CLANG_WARN_INT_CONVERSION = YES;
				CLANG_WARN_NON_LITERAL_NULL_CONVERSION = YES;
				CLANG_WARN_OBJC_IMPLICIT_RETAIN_SELF = YES;
				CLANG_WARN_OBJC_LITERAL_CONVERSION = YES;
				CLANG_WARN_OBJC_ROOT_CLASS = YES_ERROR;
				CLANG_WARN_RANGE_LOOP_ANALYSIS = YES;
				CLANG_WARN_STRICT_PROTOTYPES = YES;
				CLANG_WARN_SUSPICIOUS_MOVE = YES;
				CLANG_WARN_UNGUARDED_AVAILABILITY = YES_AGGRESSIVE;
				CLANG_WARN_UNREACHABLE_CODE = YES;
				CLANG_WARN__DUPLICATE_METHOD_MATCH = YES;
				CODE_SIGN_IDENTITY = "iPhone Developer";
				COPY_PHASE_STRIP = NO;
				DEBUG_INFORMATION_FORMAT = "dwarf-with-dsym";
				ENABLE_NS_ASSERTIONS = NO;
				ENABLE_STRICT_OBJC_MSGSEND = YES;
				GCC_C_LANGUAGE_STANDARD = gnu11;
				GCC_NO_COMMON_BLOCKS = YES;
				GCC_WARN_64_TO_32_BIT_CONVERSION = YES;
				GCC_WARN_ABOUT_RETURN_TYPE = YES_ERROR;
				GCC_WARN_UNDECLARED_SELECTOR = YES;
				GCC_WARN_UNINITIALIZED_AUTOS = YES_AGGRESSIVE;
				GCC_WARN_UNUSED_FUNCTION = YES;
				GCC_WARN_UNUSED_VARIABLE = YES;
				IPHONEOS_DEPLOYMENT_TARGET = 12.1;
				MTL_ENABLE_DEBUG_INFO = NO;
				MTL_FAST_MATH = YES;
				SDKROOT = iphoneos;
				VALIDATE_PRODUCT = YES;
			};
			name = Release;
		};
		FD52BFE32590E2C500A9DA1B /* Debug */ = {
			isa = XCBuildConfiguration;
			baseConfigurationReference = 32F587FCF4DE6105A6ECEEA0 /* Pods-SYSU-Transfer.debug.xcconfig */;
			buildSettings = {
				ASSETCATALOG_COMPILER_APPICON_NAME = AppIcon;
				CODE_SIGN_STYLE = Automatic;
				INFOPLIST_FILE = "SYSU-Transfer/Info.plist";
				IPHONEOS_DEPLOYMENT_TARGET = 12.1;
				LD_RUNPATH_SEARCH_PATHS = (
					"$(inherited)",
					"@executable_path/Frameworks",
				);
				PRODUCT_BUNDLE_IDENTIFIER = "sdcs.SYSU-Transfer";
				PRODUCT_NAME = "$(TARGET_NAME)";
				TARGETED_DEVICE_FAMILY = "1,2";
			};
			name = Debug;
		};
		FD52BFE42590E2C500A9DA1B /* Release */ = {
			isa = XCBuildConfiguration;
			baseConfigurationReference = AB3E13DAA936CC509B279C44 /* Pods-SYSU-Transfer.release.xcconfig */;
			buildSettings = {
				ASSETCATALOG_COMPILER_APPICON_NAME = AppIcon;
				CODE_SIGN_STYLE = Automatic;
				INFOPLIST_FILE = "SYSU-Transfer/Info.plist";
				IPHONEOS_DEPLOYMENT_TARGET = 12.1;
				LD_RUNPATH_SEARCH_PATHS = (
					"$(inherited)",
					"@executable_path/Frameworks",
				);
				PRODUCT_BUNDLE_IDENTIFIER = "sdcs.SYSU-Transfer";
				PRODUCT_NAME = "$(TARGET_NAME)";
				TARGETED_DEVICE_FAMILY = "1,2";
			};
			name = Release;
		};
/* End XCBuildConfiguration section */

/* Begin XCConfigurationList section */
		FD52BFC72590E2C400A9DA1B /* Build configuration list for PBXProject "SYSU-Transfer" */ = {
			isa = XCConfigurationList;
			buildConfigurations = (
				FD52BFE02590E2C500A9DA1B /* Debug */,
				FD52BFE12590E2C500A9DA1B /* Release */,
			);
			defaultConfigurationIsVisible = 0;
			defaultConfigurationName = Release;
		};
		FD52BFE22590E2C500A9DA1B /* Build configuration list for PBXNativeTarget "SYSU-Transfer" */ = {
			isa = XCConfigurationList;
			buildConfigurations = (
				FD52BFE32590E2C500A9DA1B /* Debug */,
				FD52BFE42590E2C500A9DA1B /* Release */,
			);
			defaultConfigurationIsVisible = 0;
			defaultConfigurationName = Release;
		};
/* End XCConfigurationList section */
	};
	rootObject = FD52BFC42590E2C400A9DA1B /* Project object */;
}
