PODS:
  - AFNetworking (4.0.1):
    - AFNetworking/NSURLSession (= 4.0.1)
    - AFNetworking/Reachability (= 4.0.1)
    - AFNetworking/Security (= 4.0.1)
    - AFNetworking/Serialization (= 4.0.1)
    - AFNetworking/UIKit (= 4.0.1)
  - AFNetworking/NSURLSession (4.0.1):
    - AFNetworking/Reachability
    - AFNetworking/Security
    - AFNetworking/Serialization
  - AFNetworking/Reachability (4.0.1)
  - AFNetworking/Security (4.0.1)
  - AFNetworking/Serialization (4.0.1)
  - AFNetworking/UIKit (4.0.1):
    - AFNetworking/NSURLSession
  - GLYPageView (0.0.2)

DEPENDENCIES:
  - AFNetworking (~> 4.0)
  - GLYPageView (~> 0.0.1)

SPEC REPOS:
  trunk:
    - AFNetworking
    - GLYPageView

SPEC CHECKSUMS:
  AFNetworking: 7864c38297c79aaca1500c33288e429c3451fdce
  GLYPageView: 1328c6b72d87ce5d4305600c50f472efb73bf0bf

PODFILE CHECKSUM: ee6ed1f1897f9bed1fb49511a1f87dc89a3f1582

COCOAPODS: 1.10.0
